
Microsoft Visual Studio Solution File, Format Version 12.00
# Visual Studio Version 17
VisualStudioVersion = 17.2.32516.85
MinimumVisualStudioVersion = 10.0.40219.1
Project("{FAE04EC0-301F-11D3-BF4B-00C04F79EFBC}") = "WinFormsAp14_AbstractClassAndAbstractMethod", "WinFormsAp14_AbstractClassAndAbstractMethod\WinFormsAp14_AbstractClassAndAbstractMethod.csproj", "{9284F646-2B3A-497B-BBF3-AE213D2C5F41}"
EndProject
Global
	GlobalSection(SolutionConfigurationPlatforms) = preSolution
		Debug|Any CPU = Debug|Any CPU
		Release|Any CPU = Release|Any CPU
	EndGlobalSection
	GlobalSection(ProjectConfigurationPlatforms) = postSolution
		{9284F646-2B3A-497B-BBF3-AE213D2C5F41}.Debug|Any CPU.ActiveCfg = Debug|Any CPU
		{9284F646-2B3A-497B-BBF3-AE213D2C5F41}.Debug|Any CPU.Build.0 = Debug|Any CPU
		{9284F646-2B3A-497B-BBF3-AE213D2C5F41}.Release|Any CPU.ActiveCfg = Release|Any CPU
		{9284F646-2B3A-497B-BBF3-AE213D2C5F41}.Release|Any CPU.Build.0 = Release|Any CPU
	EndGlobalSection
	GlobalSection(SolutionProperties) = preSolution
		HideSolutionNode = FALSE
	EndGlobalSection
	GlobalSection(ExtensibilityGlobals) = postSolution
		SolutionGuid = {3C2A3184-CA4B-43E4-BB4F-FA1DC85F81FD}
	EndGlobalSection
EndGlobal
