
Microsoft Visual Studio Solution File, Format Version 12.00
# Visual Studio Version 17
VisualStudioVersion = 17.2.32516.85
MinimumVisualStudioVersion = 10.0.40219.1
Project("{FAE04EC0-301F-11D3-BF4B-00C04F79EFBC}") = "WinFormsApp20_Polymorphism", "WinFormsApp20_Polymorphism\WinFormsApp20_Polymorphism.csproj", "{ABB68C83-02AD-4D97-9713-A52585EBA274}"
EndProject
Global
	GlobalSection(SolutionConfigurationPlatforms) = preSolution
		Debug|Any CPU = Debug|Any CPU
		Release|Any CPU = Release|Any CPU
	EndGlobalSection
	GlobalSection(ProjectConfigurationPlatforms) = postSolution
		{ABB68C83-02AD-4D97-9713-A52585EBA274}.Debug|Any CPU.ActiveCfg = Debug|Any CPU
		{ABB68C83-02AD-4D97-9713-A52585EBA274}.Debug|Any CPU.Build.0 = Debug|Any CPU
		{ABB68C83-02AD-4D97-9713-A52585EBA274}.Release|Any CPU.ActiveCfg = Release|Any CPU
		{ABB68C83-02AD-4D97-9713-A52585EBA274}.Release|Any CPU.Build.0 = Release|Any CPU
	EndGlobalSection
	GlobalSection(SolutionProperties) = preSolution
		HideSolutionNode = FALSE
	EndGlobalSection
	GlobalSection(ExtensibilityGlobals) = postSolution
		SolutionGuid = {2405A9B2-3093-4AC9-A789-654C6589ADE4}
	EndGlobalSection
EndGlobal
