
Microsoft Visual Studio Solution File, Format Version 12.00
# Visual Studio Version 17
VisualStudioVersion = 17.2.32516.85
MinimumVisualStudioVersion = 10.0.40219.1
Project("{FAE04EC0-301F-11D3-BF4B-00C04F79EFBC}") = "WinFormsApp2_MouseClick", "WinFormsApp2_MouseClick\WinFormsApp2_MouseClick.csproj", "{29F46E13-18EF-48FF-9A0A-B88423083260}"
EndProject
Global
	GlobalSection(SolutionConfigurationPlatforms) = preSolution
		Debug|Any CPU = Debug|Any CPU
		Release|Any CPU = Release|Any CPU
	EndGlobalSection
	GlobalSection(ProjectConfigurationPlatforms) = postSolution
		{29F46E13-18EF-48FF-9A0A-B88423083260}.Debug|Any CPU.ActiveCfg = Debug|Any CPU
		{29F46E13-18EF-48FF-9A0A-B88423083260}.Debug|Any CPU.Build.0 = Debug|Any CPU
		{29F46E13-18EF-48FF-9A0A-B88423083260}.Release|Any CPU.ActiveCfg = Release|Any CPU
		{29F46E13-18EF-48FF-9A0A-B88423083260}.Release|Any CPU.Build.0 = Release|Any CPU
	EndGlobalSection
	GlobalSection(SolutionProperties) = preSolution
		HideSolutionNode = FALSE
	EndGlobalSection
	GlobalSection(ExtensibilityGlobals) = postSolution
		SolutionGuid = {AD95FDAE-8985-4488-BE07-2F720EC45B5A}
	EndGlobalSection
EndGlobal
