
Microsoft Visual Studio Solution File, Format Version 12.00
# Visual Studio Version 17
VisualStudioVersion = 17.2.32516.85
MinimumVisualStudioVersion = 10.0.40219.1
Project("{FAE04EC0-301F-11D3-BF4B-00C04F79EFBC}") = "WinFormsApp13_base_", "WinFormsApp13_base_\WinFormsApp13_base_.csproj", "{4771F99E-C37D-4BDF-BF8C-1364750F5D3C}"
EndProject
Global
	GlobalSection(SolutionConfigurationPlatforms) = preSolution
		Debug|Any CPU = Debug|Any CPU
		Release|Any CPU = Release|Any CPU
	EndGlobalSection
	GlobalSection(ProjectConfigurationPlatforms) = postSolution
		{4771F99E-C37D-4BDF-BF8C-1364750F5D3C}.Debug|Any CPU.ActiveCfg = Debug|Any CPU
		{4771F99E-C37D-4BDF-BF8C-1364750F5D3C}.Debug|Any CPU.Build.0 = Debug|Any CPU
		{4771F99E-C37D-4BDF-BF8C-1364750F5D3C}.Release|Any CPU.ActiveCfg = Release|Any CPU
		{4771F99E-C37D-4BDF-BF8C-1364750F5D3C}.Release|Any CPU.Build.0 = Release|Any CPU
	EndGlobalSection
	GlobalSection(SolutionProperties) = preSolution
		HideSolutionNode = FALSE
	EndGlobalSection
	GlobalSection(ExtensibilityGlobals) = postSolution
		SolutionGuid = {0469DF72-897A-44D2-A2C1-EF16D5078AE1}
	EndGlobalSection
EndGlobal
